// !$*UTF8*$!
{
	archiveVersion = 1;
	classes = {
	};
	objectVersion = 56;
	objects = {

/* Begin PBXBuildFile section */
		041BA2D52A1D627C00784BDB /* NetworkProtcol.swift in Sources */ = {isa = PBXBuildFile; fileRef = 041BA2D42A1D627C00784BDB /* NetworkProtcol.swift */; };
		041BA2D72A1D62C700784BDB /* NetworkManger.swift in Sources */ = {isa = PBXBuildFile; fileRef = 041BA2D62A1D62C700784BDB /* NetworkManger.swift */; };
		041BA2D92A1D63EE00784BDB /* CoreData.swift in Sources */ = {isa = PBXBuildFile; fileRef = 041BA2D82A1D63EE00784BDB /* CoreData.swift */; };
		041BA2DB2A1D640500784BDB /* CoreDataProtocol.swift in Sources */ = {isa = PBXBuildFile; fileRef = 041BA2DA2A1D640500784BDB /* CoreDataProtocol.swift */; };
		041BA2F02A1D717600784BDB /* LeagueResponse.swift in Sources */ = {isa = PBXBuildFile; fileRef = 041BA2EF2A1D717600784BDB /* LeagueResponse.swift */; };
		041BA2F22A1D8B3700784BDB /* LeagueViewController.swift in Sources */ = {isa = PBXBuildFile; fileRef = 041BA2F12A1D8B3700784BDB /* LeagueViewController.swift */; };
		041BA2F52A1D8B7200784BDB /* LeagueViewCell.swift in Sources */ = {isa = PBXBuildFile; fileRef = 041BA2F42A1D8B7200784BDB /* LeagueViewCell.swift */; };
		041BA3172A1D9CC600784BDB /* LeaguesViewModel.swift in Sources */ = {isa = PBXBuildFile; fileRef = 041BA3162A1D9CC600784BDB /* LeaguesViewModel.swift */; };
		0477DCB12A19647200861960 /* AppDelegate.swift in Sources */ = {isa = PBXBuildFile; fileRef = 0477DCB02A19647200861960 /* AppDelegate.swift */; };
		0477DCB32A19647200861960 /* SceneDelegate.swift in Sources */ = {isa = PBXBuildFile; fileRef = 0477DCB22A19647200861960 /* SceneDelegate.swift */; };
		0477DCB82A19647200861960 /* Main.storyboard in Resources */ = {isa = PBXBuildFile; fileRef = 0477DCB62A19647200861960 /* Main.storyboard */; };
		0477DCBB2A19647200861960 /* SportsApp.xcdatamodeld in Sources */ = {isa = PBXBuildFile; fileRef = 0477DCB92A19647200861960 /* SportsApp.xcdatamodeld */; };
		0477DCBD2A19647500861960 /* Assets.xcassets in Resources */ = {isa = PBXBuildFile; fileRef = 0477DCBC2A19647500861960 /* Assets.xcassets */; };
		0477DCC02A19647500861960 /* LaunchScreen.storyboard in Resources */ = {isa = PBXBuildFile; fileRef = 0477DCBE2A19647500861960 /* LaunchScreen.storyboard */; };
		0477DCCB2A19647500861960 /* SportsAppTests.swift in Sources */ = {isa = PBXBuildFile; fileRef = 0477DCCA2A19647500861960 /* SportsAppTests.swift */; };
		0477DCD52A19647500861960 /* SportsAppUITests.swift in Sources */ = {isa = PBXBuildFile; fileRef = 0477DCD42A19647500861960 /* SportsAppUITests.swift */; };
		0477DCD72A19647500861960 /* SportsAppUITestsLaunchTests.swift in Sources */ = {isa = PBXBuildFile; fileRef = 0477DCD62A19647500861960 /* SportsAppUITestsLaunchTests.swift */; };
		04831B4D2A23CB7F0000F327 /* FavTableViewCell.swift in Sources */ = {isa = PBXBuildFile; fileRef = 04831B4C2A23CB7F0000F327 /* FavTableViewCell.swift */; };
		048327FF2A1EFCFD00D59EF3 /* TeamViewController.swift in Sources */ = {isa = PBXBuildFile; fileRef = 048327FE2A1EFCFD00D59EF3 /* TeamViewController.swift */; };
		048328022A1F0B1C00D59EF3 /* TeamViewModel.swift in Sources */ = {isa = PBXBuildFile; fileRef = 048328012A1F0B1C00D59EF3 /* TeamViewModel.swift */; };
		048328042A1F22D000D59EF3 /* LocalLeague.swift in Sources */ = {isa = PBXBuildFile; fileRef = 048328032A1F22D000D59EF3 /* LocalLeague.swift */; };
		048328062A1F332300D59EF3 /* FavViewController.swift in Sources */ = {isa = PBXBuildFile; fileRef = 048328052A1F332300D59EF3 /* FavViewController.swift */; };
		048328082A1F334100D59EF3 /* FavViewModel.swift in Sources */ = {isa = PBXBuildFile; fileRef = 048328072A1F334100D59EF3 /* FavViewModel.swift */; };
		0485AD4E2A1C296E009EAAC1 /* SportsController.swift in Sources */ = {isa = PBXBuildFile; fileRef = 0485AD4D2A1C296E009EAAC1 /* SportsController.swift */; };
		0485AD502A1C29C9009EAAC1 /* SportsCollectionViewCell.swift in Sources */ = {isa = PBXBuildFile; fileRef = 0485AD4F2A1C29C9009EAAC1 /* SportsCollectionViewCell.swift */; };
		048C67812A1BCBA900880402 /* SplashController.swift in Sources */ = {isa = PBXBuildFile; fileRef = 048C67802A1BCBA900880402 /* SplashController.swift */; };
		048C67832A1BD2F300880402 /* ball.json in Resources */ = {isa = PBXBuildFile; fileRef = 048C67822A1BD2F300880402 /* ball.json */; };
		049FFBC72A1DC4A1005E6ADC /* Teams.swift in Sources */ = {isa = PBXBuildFile; fileRef = 049FFBC62A1DC4A1005E6ADC /* Teams.swift */; };
		049FFBC92A1DC5BD005E6ADC /* Events.swift in Sources */ = {isa = PBXBuildFile; fileRef = 049FFBC82A1DC5BD005E6ADC /* Events.swift */; };
		049FFBCB2A1DC83F005E6ADC /* LeagueDetailsViewModel.swift in Sources */ = {isa = PBXBuildFile; fileRef = 049FFBCA2A1DC83F005E6ADC /* LeagueDetailsViewModel.swift */; };
		049FFBCE2A1DCF03005E6ADC /* LeagueDetailsViewController.swift in Sources */ = {isa = PBXBuildFile; fileRef = 049FFBCD2A1DCF03005E6ADC /* LeagueDetailsViewController.swift */; };
		049FFBD82A1E6525005E6ADC /* UpCommingViewCell.swift in Sources */ = {isa = PBXBuildFile; fileRef = 049FFBD72A1E6525005E6ADC /* UpCommingViewCell.swift */; };
		049FFBDA2A1E653E005E6ADC /* LatestEventsViewCell.swift in Sources */ = {isa = PBXBuildFile; fileRef = 049FFBD92A1E653E005E6ADC /* LatestEventsViewCell.swift */; };
		049FFBDD2A1E6553005E6ADC /* TeamsCollectionViewCell.swift in Sources */ = {isa = PBXBuildFile; fileRef = 049FFBDC2A1E6553005E6ADC /* TeamsCollectionViewCell.swift */; };
		630720CEB3AD46C3905272A0 /* Pods_SportsApp_SportsAppUITests.framework in Frameworks */ = {isa = PBXBuildFile; fileRef = E07B21B460FE135CC7AC1F09 /* Pods_SportsApp_SportsAppUITests.framework */; };
		7DC59302801815B26FDC804B /* Pods_SportsApp.framework in Frameworks */ = {isa = PBXBuildFile; fileRef = 9F9F57C577DFB9E6D6BCE362 /* Pods_SportsApp.framework */; };
		F67F441CA4D925C51D853A31 /* Pods_SportsAppTests.framework in Frameworks */ = {isa = PBXBuildFile; fileRef = F012343EA66969857B697D75 /* Pods_SportsAppTests.framework */; };
/* End PBXBuildFile section */

/* Begin PBXContainerItemProxy section */
		0477DCC72A19647500861960 /* PBXContainerItemProxy */ = {
			isa = PBXContainerItemProxy;
			containerPortal = 0477DCA52A19647200861960 /* Project object */;
			proxyType = 1;
			remoteGlobalIDString = 0477DCAC2A19647200861960;
			remoteInfo = SportsApp;
		};
		0477DCD12A19647500861960 /* PBXContainerItemProxy */ = {
			isa = PBXContainerItemProxy;
			containerPortal = 0477DCA52A19647200861960 /* Project object */;
			proxyType = 1;
			remoteGlobalIDString = 0477DCAC2A19647200861960;
			remoteInfo = SportsApp;
		};
/* End PBXContainerItemProxy section */

/* Begin PBXFileReference section */
		041BA2D42A1D627C00784BDB /* NetworkProtcol.swift */ = {isa = PBXFileReference; lastKnownFileType = sourcecode.swift; path = NetworkProtcol.swift; sourceTree = "<group>"; };
		041BA2D62A1D62C700784BDB /* NetworkManger.swift */ = {isa = PBXFileReference; lastKnownFileType = sourcecode.swift; path = NetworkManger.swift; sourceTree = "<group>"; };
		041BA2D82A1D63EE00784BDB /* CoreData.swift */ = {isa = PBXFileReference; lastKnownFileType = sourcecode.swift; path = CoreData.swift; sourceTree = "<group>"; };
		041BA2DA2A1D640500784BDB /* CoreDataProtocol.swift */ = {isa = PBXFileReference; lastKnownFileType = sourcecode.swift; path = CoreDataProtocol.swift; sourceTree = "<group>"; };
		041BA2EF2A1D717600784BDB /* LeagueResponse.swift */ = {isa = PBXFileReference; lastKnownFileType = sourcecode.swift; path = LeagueResponse.swift; sourceTree = "<group>"; };
		041BA2F12A1D8B3700784BDB /* LeagueViewController.swift */ = {isa = PBXFileReference; lastKnownFileType = sourcecode.swift; path = LeagueViewController.swift; sourceTree = "<group>"; };
		041BA2F42A1D8B7200784BDB /* LeagueViewCell.swift */ = {isa = PBXFileReference; lastKnownFileType = sourcecode.swift; path = LeagueViewCell.swift; sourceTree = "<group>"; };
		041BA3162A1D9CC600784BDB /* LeaguesViewModel.swift */ = {isa = PBXFileReference; lastKnownFileType = sourcecode.swift; path = LeaguesViewModel.swift; sourceTree = "<group>"; };
		0477DCAD2A19647200861960 /* SportsApp.app */ = {isa = PBXFileReference; explicitFileType = wrapper.application; includeInIndex = 0; path = SportsApp.app; sourceTree = BUILT_PRODUCTS_DIR; };
		0477DCB02A19647200861960 /* AppDelegate.swift */ = {isa = PBXFileReference; lastKnownFileType = sourcecode.swift; path = AppDelegate.swift; sourceTree = "<group>"; };
		0477DCB22A19647200861960 /* SceneDelegate.swift */ = {isa = PBXFileReference; lastKnownFileType = sourcecode.swift; path = SceneDelegate.swift; sourceTree = "<group>"; };
		0477DCB72A19647200861960 /* Base */ = {isa = PBXFileReference; lastKnownFileType = file.storyboard; name = Base; path = Base.lproj/Main.storyboard; sourceTree = "<group>"; };
		0477DCBA2A19647200861960 /* SportsApp.xcdatamodel */ = {isa = PBXFileReference; lastKnownFileType = wrapper.xcdatamodel; path = SportsApp.xcdatamodel; sourceTree = "<group>"; };
		0477DCBC2A19647500861960 /* Assets.xcassets */ = {isa = PBXFileReference; lastKnownFileType = folder.assetcatalog; path = Assets.xcassets; sourceTree = "<group>"; };
		0477DCBF2A19647500861960 /* Base */ = {isa = PBXFileReference; lastKnownFileType = file.storyboard; name = Base; path = Base.lproj/LaunchScreen.storyboard; sourceTree = "<group>"; };
		0477DCC12A19647500861960 /* Info.plist */ = {isa = PBXFileReference; lastKnownFileType = text.plist.xml; path = Info.plist; sourceTree = "<group>"; };
		0477DCC62A19647500861960 /* SportsAppTests.xctest */ = {isa = PBXFileReference; explicitFileType = wrapper.cfbundle; includeInIndex = 0; path = SportsAppTests.xctest; sourceTree = BUILT_PRODUCTS_DIR; };
		0477DCCA2A19647500861960 /* SportsAppTests.swift */ = {isa = PBXFileReference; lastKnownFileType = sourcecode.swift; path = SportsAppTests.swift; sourceTree = "<group>"; };
		0477DCD02A19647500861960 /* SportsAppUITests.xctest */ = {isa = PBXFileReference; explicitFileType = wrapper.cfbundle; includeInIndex = 0; path = SportsAppUITests.xctest; sourceTree = BUILT_PRODUCTS_DIR; };
		0477DCD42A19647500861960 /* SportsAppUITests.swift */ = {isa = PBXFileReference; lastKnownFileType = sourcecode.swift; path = SportsAppUITests.swift; sourceTree = "<group>"; };
		0477DCD62A19647500861960 /* SportsAppUITestsLaunchTests.swift */ = {isa = PBXFileReference; lastKnownFileType = sourcecode.swift; path = SportsAppUITestsLaunchTests.swift; sourceTree = "<group>"; };
		04831B4C2A23CB7F0000F327 /* FavTableViewCell.swift */ = {isa = PBXFileReference; lastKnownFileType = sourcecode.swift; path = FavTableViewCell.swift; sourceTree = "<group>"; };
		048327FE2A1EFCFD00D59EF3 /* TeamViewController.swift */ = {isa = PBXFileReference; lastKnownFileType = sourcecode.swift; path = TeamViewController.swift; sourceTree = "<group>"; };
		048328012A1F0B1C00D59EF3 /* TeamViewModel.swift */ = {isa = PBXFileReference; lastKnownFileType = sourcecode.swift; path = TeamViewModel.swift; sourceTree = "<group>"; };
		048328032A1F22D000D59EF3 /* LocalLeague.swift */ = {isa = PBXFileReference; lastKnownFileType = sourcecode.swift; path = LocalLeague.swift; sourceTree = "<group>"; };
		048328052A1F332300D59EF3 /* FavViewController.swift */ = {isa = PBXFileReference; lastKnownFileType = sourcecode.swift; path = FavViewController.swift; sourceTree = "<group>"; };
		048328072A1F334100D59EF3 /* FavViewModel.swift */ = {isa = PBXFileReference; lastKnownFileType = sourcecode.swift; path = FavViewModel.swift; sourceTree = "<group>"; };
		0485AD4D2A1C296E009EAAC1 /* SportsController.swift */ = {isa = PBXFileReference; lastKnownFileType = sourcecode.swift; path = SportsController.swift; sourceTree = "<group>"; };
		0485AD4F2A1C29C9009EAAC1 /* SportsCollectionViewCell.swift */ = {isa = PBXFileReference; lastKnownFileType = sourcecode.swift; path = SportsCollectionViewCell.swift; sourceTree = "<group>"; };
		048C67802A1BCBA900880402 /* SplashController.swift */ = {isa = PBXFileReference; lastKnownFileType = sourcecode.swift; path = SplashController.swift; sourceTree = "<group>"; };
		048C67822A1BD2F300880402 /* ball.json */ = {isa = PBXFileReference; fileEncoding = 4; lastKnownFileType = text.json; path = ball.json; sourceTree = "<group>"; };
		049FFBC62A1DC4A1005E6ADC /* Teams.swift */ = {isa = PBXFileReference; lastKnownFileType = sourcecode.swift; path = Teams.swift; sourceTree = "<group>"; };
		049FFBC82A1DC5BD005E6ADC /* Events.swift */ = {isa = PBXFileReference; lastKnownFileType = sourcecode.swift; path = Events.swift; sourceTree = "<group>"; };
		049FFBCA2A1DC83F005E6ADC /* LeagueDetailsViewModel.swift */ = {isa = PBXFileReference; lastKnownFileType = sourcecode.swift; path = LeagueDetailsViewModel.swift; sourceTree = "<group>"; };
		049FFBCD2A1DCF03005E6ADC /* LeagueDetailsViewController.swift */ = {isa = PBXFileReference; lastKnownFileType = sourcecode.swift; path = LeagueDetailsViewController.swift; sourceTree = "<group>"; };
		049FFBD72A1E6525005E6ADC /* UpCommingViewCell.swift */ = {isa = PBXFileReference; lastKnownFileType = sourcecode.swift; path = UpCommingViewCell.swift; sourceTree = "<group>"; };
		049FFBD92A1E653E005E6ADC /* LatestEventsViewCell.swift */ = {isa = PBXFileReference; lastKnownFileType = sourcecode.swift; path = LatestEventsViewCell.swift; sourceTree = "<group>"; };
		049FFBDC2A1E6553005E6ADC /* TeamsCollectionViewCell.swift */ = {isa = PBXFileReference; lastKnownFileType = sourcecode.swift; path = TeamsCollectionViewCell.swift; sourceTree = "<group>"; };
		311CBDE1D9677EE3C1CB4746 /* Pods-SportsApp-SportsAppUITests.release.xcconfig */ = {isa = PBXFileReference; includeInIndex = 1; lastKnownFileType = text.xcconfig; name = "Pods-SportsApp-SportsAppUITests.release.xcconfig"; path = "Target Support Files/Pods-SportsApp-SportsAppUITests/Pods-SportsApp-SportsAppUITests.release.xcconfig"; sourceTree = "<group>"; };
		35EC137EA41EB5CBFA3F330D /* Pods-SportsApp.release.xcconfig */ = {isa = PBXFileReference; includeInIndex = 1; lastKnownFileType = text.xcconfig; name = "Pods-SportsApp.release.xcconfig"; path = "Target Support Files/Pods-SportsApp/Pods-SportsApp.release.xcconfig"; sourceTree = "<group>"; };
		7AEE38C328FEBDFD61EEC5F8 /* Pods-SportsApp-SportsAppUITests.debug.xcconfig */ = {isa = PBXFileReference; includeInIndex = 1; lastKnownFileType = text.xcconfig; name = "Pods-SportsApp-SportsAppUITests.debug.xcconfig"; path = "Target Support Files/Pods-SportsApp-SportsAppUITests/Pods-SportsApp-SportsAppUITests.debug.xcconfig"; sourceTree = "<group>"; };
		7CD2A3EFF3C624F4CBFEFDF9 /* Pods-SportsAppTests.debug.xcconfig */ = {isa = PBXFileReference; includeInIndex = 1; lastKnownFileType = text.xcconfig; name = "Pods-SportsAppTests.debug.xcconfig"; path = "Target Support Files/Pods-SportsAppTests/Pods-SportsAppTests.debug.xcconfig"; sourceTree = "<group>"; };
		8C3DC049DB38A164007563DF /* Pods-SportsApp.debug.xcconfig */ = {isa = PBXFileReference; includeInIndex = 1; lastKnownFileType = text.xcconfig; name = "Pods-SportsApp.debug.xcconfig"; path = "Target Support Files/Pods-SportsApp/Pods-SportsApp.debug.xcconfig"; sourceTree = "<group>"; };
		9F9F57C577DFB9E6D6BCE362 /* Pods_SportsApp.framework */ = {isa = PBXFileReference; explicitFileType = wrapper.framework; includeInIndex = 0; path = Pods_SportsApp.framework; sourceTree = BUILT_PRODUCTS_DIR; };
		BDF1257D3687813F54C73BF8 /* Pods-SportsAppTests.release.xcconfig */ = {isa = PBXFileReference; includeInIndex = 1; lastKnownFileType = text.xcconfig; name = "Pods-SportsAppTests.release.xcconfig"; path = "Target Support Files/Pods-SportsAppTests/Pods-SportsAppTests.release.xcconfig"; sourceTree = "<group>"; };
		E07B21B460FE135CC7AC1F09 /* Pods_SportsApp_SportsAppUITests.framework */ = {isa = PBXFileReference; explicitFileType = wrapper.framework; includeInIndex = 0; path = Pods_SportsApp_SportsAppUITests.framework; sourceTree = BUILT_PRODUCTS_DIR; };
		F012343EA66969857B697D75 /* Pods_SportsAppTests.framework */ = {isa = PBXFileReference; explicitFileType = wrapper.framework; includeInIndex = 0; path = Pods_SportsAppTests.framework; sourceTree = BUILT_PRODUCTS_DIR; };
/* End PBXFileReference section */

/* Begin PBXFrameworksBuildPhase section */
		0477DCAA2A19647200861960 /* Frameworks */ = {
			isa = PBXFrameworksBuildPhase;
			buildActionMask = 2147483647;
			files = (
				7DC59302801815B26FDC804B /* Pods_SportsApp.framework in Frameworks */,
			);
			runOnlyForDeploymentPostprocessing = 0;
		};
		0477DCC32A19647500861960 /* Frameworks */ = {
			isa = PBXFrameworksBuildPhase;
			buildActionMask = 2147483647;
			files = (
				F67F441CA4D925C51D853A31 /* Pods_SportsAppTests.framework in Frameworks */,
			);
			runOnlyForDeploymentPostprocessing = 0;
		};
		0477DCCD2A19647500861960 /* Frameworks */ = {
			isa = PBXFrameworksBuildPhase;
			buildActionMask = 2147483647;
			files = (
				630720CEB3AD46C3905272A0 /* Pods_SportsApp_SportsAppUITests.framework in Frameworks */,
			);
			runOnlyForDeploymentPostprocessing = 0;
		};
/* End PBXFrameworksBuildPhase section */

/* Begin PBXGroup section */
		041BA2CE2A1D614600784BDB /* View */ = {
			isa = PBXGroup;
			children = (
				0477DCBE2A19647500861960 /* LaunchScreen.storyboard */,
				0477DCB62A19647200861960 /* Main.storyboard */,
			);
			path = View;
			sourceTree = "<group>";
		};
		041BA2CF2A1D615600784BDB /* Model */ = {
			isa = PBXGroup;
			children = (
				041BA2EF2A1D717600784BDB /* LeagueResponse.swift */,
				049FFBC62A1DC4A1005E6ADC /* Teams.swift */,
				049FFBC82A1DC5BD005E6ADC /* Events.swift */,
				048328032A1F22D000D59EF3 /* LocalLeague.swift */,
			);
			path = Model;
			sourceTree = "<group>";
		};
		041BA2D02A1D615F00784BDB /* Module */ = {
			isa = PBXGroup;
			children = (
				041BA2E22A1D680300784BDB /* TeamDetails */,
				041BA2E12A1D67F300784BDB /* Sports */,
				041BA2E02A1D67DD00784BDB /* Feavorites */,
				041BA2DF2A1D67B300784BDB /* Teams */,
				041BA2DE2A1D679000784BDB /* Splash */,
				041BA2DD2A1D678200784BDB /* LeaguesDetails */,
				041BA2DC2A1D676A00784BDB /* Leagues */,
			);
			path = Module;
			sourceTree = "<group>";
		};
		041BA2D12A1D620D00784BDB /* Service */ = {
			isa = PBXGroup;
			children = (
				041BA2D32A1D622100784BDB /* CoreData */,
				041BA2D22A1D621800784BDB /* Networking */,
			);
			path = Service;
			sourceTree = "<group>";
		};
		041BA2D22A1D621800784BDB /* Networking */ = {
			isa = PBXGroup;
			children = (
				041BA2D42A1D627C00784BDB /* NetworkProtcol.swift */,
				041BA2D62A1D62C700784BDB /* NetworkManger.swift */,
			);
			path = Networking;
			sourceTree = "<group>";
		};
		041BA2D32A1D622100784BDB /* CoreData */ = {
			isa = PBXGroup;
			children = (
				041BA2D82A1D63EE00784BDB /* CoreData.swift */,
				041BA2DA2A1D640500784BDB /* CoreDataProtocol.swift */,
			);
			path = CoreData;
			sourceTree = "<group>";
		};
		041BA2DC2A1D676A00784BDB /* Leagues */ = {
			isa = PBXGroup;
			children = (
				041BA2EE2A1D6FD400784BDB /* ViewModel */,
				041BA2ED2A1D6FCD00784BDB /* View */,
			);
			path = Leagues;
			sourceTree = "<group>";
		};
		041BA2DD2A1D678200784BDB /* LeaguesDetails */ = {
			isa = PBXGroup;
			children = (
				041BA2EC2A1D6FC000784BDB /* ViewModel */,
				041BA2EB2A1D6FB900784BDB /* View */,
			);
			path = LeaguesDetails;
			sourceTree = "<group>";
		};
		041BA2DE2A1D679000784BDB /* Splash */ = {
			isa = PBXGroup;
			children = (
				041BA2EA2A1D6FB300784BDB /* View */,
			);
			path = Splash;
			sourceTree = "<group>";
		};
		041BA2DF2A1D67B300784BDB /* Teams */ = {
			isa = PBXGroup;
			children = (
				041BA2E92A1D6FAB00784BDB /* ViewModel */,
				041BA2E82A1D6FA600784BDB /* View */,
			);
			path = Teams;
			sourceTree = "<group>";
		};
		041BA2E02A1D67DD00784BDB /* Feavorites */ = {
			isa = PBXGroup;
			children = (
				041BA2E72A1D6F9D00784BDB /* ViewModel */,
				041BA2E62A1D6F9500784BDB /* View */,
			);
			path = Feavorites;
			sourceTree = "<group>";
		};
		041BA2E12A1D67F300784BDB /* Sports */ = {
			isa = PBXGroup;
			children = (
				041BA2E52A1D6F8C00784BDB /* View */,
			);
			path = Sports;
			sourceTree = "<group>";
		};
		041BA2E22A1D680300784BDB /* TeamDetails */ = {
			isa = PBXGroup;
			children = (
				041BA2E42A1D6F8400784BDB /* ViewModel */,
				041BA2E32A1D6F7700784BDB /* View */,
			);
			path = TeamDetails;
			sourceTree = "<group>";
		};
		041BA2E32A1D6F7700784BDB /* View */ = {
			isa = PBXGroup;
			children = (
			);
			path = View;
			sourceTree = "<group>";
		};
		041BA2E42A1D6F8400784BDB /* ViewModel */ = {
			isa = PBXGroup;
			children = (
			);
			path = ViewModel;
			sourceTree = "<group>";
		};
		041BA2E52A1D6F8C00784BDB /* View */ = {
			isa = PBXGroup;
			children = (
				0485AD4F2A1C29C9009EAAC1 /* SportsCollectionViewCell.swift */,
				0485AD4D2A1C296E009EAAC1 /* SportsController.swift */,
			);
			path = View;
			sourceTree = "<group>";
		};
		041BA2E62A1D6F9500784BDB /* View */ = {
			isa = PBXGroup;
			children = (
				048328052A1F332300D59EF3 /* FavViewController.swift */,
				04831B4C2A23CB7F0000F327 /* FavTableViewCell.swift */,
			);
			path = View;
			sourceTree = "<group>";
		};
		041BA2E72A1D6F9D00784BDB /* ViewModel */ = {
			isa = PBXGroup;
			children = (
				048328072A1F334100D59EF3 /* FavViewModel.swift */,
			);
			path = ViewModel;
			sourceTree = "<group>";
		};
		041BA2E82A1D6FA600784BDB /* View */ = {
			isa = PBXGroup;
			children = (
				048327FE2A1EFCFD00D59EF3 /* TeamViewController.swift */,
			);
			path = View;
			sourceTree = "<group>";
		};
		041BA2E92A1D6FAB00784BDB /* ViewModel */ = {
			isa = PBXGroup;
			children = (
				048328012A1F0B1C00D59EF3 /* TeamViewModel.swift */,
			);
			path = ViewModel;
			sourceTree = "<group>";
		};
		041BA2EA2A1D6FB300784BDB /* View */ = {
			isa = PBXGroup;
			children = (
				048C67802A1BCBA900880402 /* SplashController.swift */,
			);
			path = View;
			sourceTree = "<group>";
		};
		041BA2EB2A1D6FB900784BDB /* View */ = {
			isa = PBXGroup;
			children = (
				049FFBCD2A1DCF03005E6ADC /* LeagueDetailsViewController.swift */,
				049FFBD72A1E6525005E6ADC /* UpCommingViewCell.swift */,
				049FFBD92A1E653E005E6ADC /* LatestEventsViewCell.swift */,
				049FFBDC2A1E6553005E6ADC /* TeamsCollectionViewCell.swift */,
			);
			path = View;
			sourceTree = "<group>";
		};
		041BA2EC2A1D6FC000784BDB /* ViewModel */ = {
			isa = PBXGroup;
			children = (
				049FFBCA2A1DC83F005E6ADC /* LeagueDetailsViewModel.swift */,
			);
			path = ViewModel;
			sourceTree = "<group>";
		};
		041BA2ED2A1D6FCD00784BDB /* View */ = {
			isa = PBXGroup;
			children = (
				041BA2F12A1D8B3700784BDB /* LeagueViewController.swift */,
				041BA2F42A1D8B7200784BDB /* LeagueViewCell.swift */,
			);
			path = View;
			sourceTree = "<group>";
		};
		041BA2EE2A1D6FD400784BDB /* ViewModel */ = {
			isa = PBXGroup;
			children = (
				041BA3162A1D9CC600784BDB /* LeaguesViewModel.swift */,
			);
			path = ViewModel;
			sourceTree = "<group>";
		};
		0477DCA42A19647200861960 = {
			isa = PBXGroup;
			children = (
				0477DCAF2A19647200861960 /* SportsApp */,
				0477DCC92A19647500861960 /* SportsAppTests */,
				0477DCD32A19647500861960 /* SportsAppUITests */,
				0477DCAE2A19647200861960 /* Products */,
				A926C67DAD1FBA53B8F6670A /* Pods */,
				A5CE737AAE3D78A941A96F44 /* Frameworks */,
			);
			sourceTree = "<group>";
		};
		0477DCAE2A19647200861960 /* Products */ = {
			isa = PBXGroup;
			children = (
				0477DCAD2A19647200861960 /* SportsApp.app */,
				0477DCC62A19647500861960 /* SportsAppTests.xctest */,
				0477DCD02A19647500861960 /* SportsAppUITests.xctest */,
			);
			name = Products;
			sourceTree = "<group>";
		};
		0477DCAF2A19647200861960 /* SportsApp */ = {
			isa = PBXGroup;
			children = (
				041BA2D12A1D620D00784BDB /* Service */,
				041BA2D02A1D615F00784BDB /* Module */,
				041BA2CF2A1D615600784BDB /* Model */,
				041BA2CE2A1D614600784BDB /* View */,
				0477DCB02A19647200861960 /* AppDelegate.swift */,
				0477DCB22A19647200861960 /* SceneDelegate.swift */,
				0477DCBC2A19647500861960 /* Assets.xcassets */,
				048C67822A1BD2F300880402 /* ball.json */,
				0477DCC12A19647500861960 /* Info.plist */,
				0477DCB92A19647200861960 /* SportsApp.xcdatamodeld */,
			);
			path = SportsApp;
			sourceTree = "<group>";
		};
		0477DCC92A19647500861960 /* SportsAppTests */ = {
			isa = PBXGroup;
			children = (
				0477DCCA2A19647500861960 /* SportsAppTests.swift */,
			);
			path = SportsAppTests;
			sourceTree = "<group>";
		};
		0477DCD32A19647500861960 /* SportsAppUITests */ = {
			isa = PBXGroup;
			children = (
				0477DCD42A19647500861960 /* SportsAppUITests.swift */,
				0477DCD62A19647500861960 /* SportsAppUITestsLaunchTests.swift */,
			);
			path = SportsAppUITests;
			sourceTree = "<group>";
		};
		A5CE737AAE3D78A941A96F44 /* Frameworks */ = {
			isa = PBXGroup;
			children = (
				9F9F57C577DFB9E6D6BCE362 /* Pods_SportsApp.framework */,
				E07B21B460FE135CC7AC1F09 /* Pods_SportsApp_SportsAppUITests.framework */,
				F012343EA66969857B697D75 /* Pods_SportsAppTests.framework */,
			);
			name = Frameworks;
			sourceTree = "<group>";
		};
		A926C67DAD1FBA53B8F6670A /* Pods */ = {
			isa = PBXGroup;
			children = (
				8C3DC049DB38A164007563DF /* Pods-SportsApp.debug.xcconfig */,
				35EC137EA41EB5CBFA3F330D /* Pods-SportsApp.release.xcconfig */,
				7AEE38C328FEBDFD61EEC5F8 /* Pods-SportsApp-SportsAppUITests.debug.xcconfig */,
				311CBDE1D9677EE3C1CB4746 /* Pods-SportsApp-SportsAppUITests.release.xcconfig */,
				7CD2A3EFF3C624F4CBFEFDF9 /* Pods-SportsAppTests.debug.xcconfig */,
				BDF1257D3687813F54C73BF8 /* Pods-SportsAppTests.release.xcconfig */,
			);
			path = Pods;
			sourceTree = "<group>";
		};
/* End PBXGroup section */

/* Begin PBXNativeTarget section */
		0477DCAC2A19647200861960 /* SportsApp */ = {
			isa = PBXNativeTarget;
			buildConfigurationList = 0477DCDA2A19647500861960 /* Build configuration list for PBXNativeTarget "SportsApp" */;
			buildPhases = (
				48456D7050C7DA851D710202 /* [CP] Check Pods Manifest.lock */,
				0477DCA92A19647200861960 /* Sources */,
				0477DCAA2A19647200861960 /* Frameworks */,
				0477DCAB2A19647200861960 /* Resources */,
				171290755C651A80572FDE4C /* [CP] Embed Pods Frameworks */,
			);
			buildRules = (
			);
			dependencies = (
			);
			name = SportsApp;
			productName = SportsApp;
			productReference = 0477DCAD2A19647200861960 /* SportsApp.app */;
			productType = "com.apple.product-type.application";
		};
		0477DCC52A19647500861960 /* SportsAppTests */ = {
			isa = PBXNativeTarget;
			buildConfigurationList = 0477DCDD2A19647500861960 /* Build configuration list for PBXNativeTarget "SportsAppTests" */;
			buildPhases = (
				B95A0F218ED622AC933BFC0F /* [CP] Check Pods Manifest.lock */,
				0477DCC22A19647500861960 /* Sources */,
				0477DCC32A19647500861960 /* Frameworks */,
				0477DCC42A19647500861960 /* Resources */,
			);
			buildRules = (
			);
			dependencies = (
				0477DCC82A19647500861960 /* PBXTargetDependency */,
			);
			name = SportsAppTests;
			productName = SportsAppTests;
			productReference = 0477DCC62A19647500861960 /* SportsAppTests.xctest */;
			productType = "com.apple.product-type.bundle.unit-test";
		};
		0477DCCF2A19647500861960 /* SportsAppUITests */ = {
			isa = PBXNativeTarget;
			buildConfigurationList = 0477DCE02A19647500861960 /* Build configuration list for PBXNativeTarget "SportsAppUITests" */;
			buildPhases = (
				A1AAD54D42321BCECD7DB770 /* [CP] Check Pods Manifest.lock */,
				0477DCCC2A19647500861960 /* Sources */,
				0477DCCD2A19647500861960 /* Frameworks */,
				0477DCCE2A19647500861960 /* Resources */,
				086C0215EBE3A8F66AABEA47 /* [CP] Embed Pods Frameworks */,
			);
			buildRules = (
			);
			dependencies = (
				0477DCD22A19647500861960 /* PBXTargetDependency */,
			);
			name = SportsAppUITests;
			productName = SportsAppUITests;
			productReference = 0477DCD02A19647500861960 /* SportsAppUITests.xctest */;
			productType = "com.apple.product-type.bundle.ui-testing";
		};
/* End PBXNativeTarget section */

/* Begin PBXProject section */
		0477DCA52A19647200861960 /* Project object */ = {
			isa = PBXProject;
			attributes = {
				BuildIndependentTargetsInParallel = 1;
				LastSwiftUpdateCheck = 1410;
				LastUpgradeCheck = 1410;
				TargetAttributes = {
					0477DCAC2A19647200861960 = {
						CreatedOnToolsVersion = 14.1;
					};
					0477DCC52A19647500861960 = {
						CreatedOnToolsVersion = 14.1;
						TestTargetID = 0477DCAC2A19647200861960;
					};
					0477DCCF2A19647500861960 = {
						CreatedOnToolsVersion = 14.1;
						TestTargetID = 0477DCAC2A19647200861960;
					};
				};
			};
			buildConfigurationList = 0477DCA82A19647200861960 /* Build configuration list for PBXProject "SportsApp" */;
			compatibilityVersion = "Xcode 14.0";
			developmentRegion = en;
			hasScannedForEncodings = 0;
			knownRegions = (
				en,
				Base,
			);
			mainGroup = 0477DCA42A19647200861960;
			productRefGroup = 0477DCAE2A19647200861960 /* Products */;
			projectDirPath = "";
			projectRoot = "";
			targets = (
				0477DCAC2A19647200861960 /* SportsApp */,
				0477DCC52A19647500861960 /* SportsAppTests */,
				0477DCCF2A19647500861960 /* SportsAppUITests */,
			);
		};
/* End PBXProject section */

/* Begin PBXResourcesBuildPhase section */
		0477DCAB2A19647200861960 /* Resources */ = {
			isa = PBXResourcesBuildPhase;
			buildActionMask = 2147483647;
			files = (
				0477DCC02A19647500861960 /* LaunchScreen.storyboard in Resources */,
				048C67832A1BD2F300880402 /* ball.json in Resources */,
				0477DCBD2A19647500861960 /* Assets.xcassets in Resources */,
				0477DCB82A19647200861960 /* Main.storyboard in Resources */,
			);
			runOnlyForDeploymentPostprocessing = 0;
		};
		0477DCC42A19647500861960 /* Resources */ = {
			isa = PBXResourcesBuildPhase;
			buildActionMask = 2147483647;
			files = (
			);
			runOnlyForDeploymentPostprocessing = 0;
		};
		0477DCCE2A19647500861960 /* Resources */ = {
			isa = PBXResourcesBuildPhase;
			buildActionMask = 2147483647;
			files = (
			);
			runOnlyForDeploymentPostprocessing = 0;
		};
/* End PBXResourcesBuildPhase section */

/* Begin PBXShellScriptBuildPhase section */
		086C0215EBE3A8F66AABEA47 /* [CP] Embed Pods Frameworks */ = {
			isa = PBXShellScriptBuildPhase;
			buildActionMask = 2147483647;
			files = (
			);
			inputFileListPaths = (
				"${PODS_ROOT}/Target Support Files/Pods-SportsApp-SportsAppUITests/Pods-SportsApp-SportsAppUITests-frameworks-${CONFIGURATION}-input-files.xcfilelist",
			);
			name = "[CP] Embed Pods Frameworks";
			outputFileListPaths = (
				"${PODS_ROOT}/Target Support Files/Pods-SportsApp-SportsAppUITests/Pods-SportsApp-SportsAppUITests-frameworks-${CONFIGURATION}-output-files.xcfilelist",
			);
			runOnlyForDeploymentPostprocessing = 0;
			shellPath = /bin/sh;
			shellScript = "\"${PODS_ROOT}/Target Support Files/Pods-SportsApp-SportsAppUITests/Pods-SportsApp-SportsAppUITests-frameworks.sh\"\n";
			showEnvVarsInLog = 0;
		};
		171290755C651A80572FDE4C /* [CP] Embed Pods Frameworks */ = {
			isa = PBXShellScriptBuildPhase;
			buildActionMask = 2147483647;
			files = (
			);
			inputFileListPaths = (
				"${PODS_ROOT}/Target Support Files/Pods-SportsApp/Pods-SportsApp-frameworks-${CONFIGURATION}-input-files.xcfilelist",
			);
			name = "[CP] Embed Pods Frameworks";
			outputFileListPaths = (
				"${PODS_ROOT}/Target Support Files/Pods-SportsApp/Pods-SportsApp-frameworks-${CONFIGURATION}-output-files.xcfilelist",
			);
			runOnlyForDeploymentPostprocessing = 0;
			shellPath = /bin/sh;
			shellScript = "\"${PODS_ROOT}/Target Support Files/Pods-SportsApp/Pods-SportsApp-frameworks.sh\"\n";
			showEnvVarsInLog = 0;
		};
		48456D7050C7DA851D710202 /* [CP] Check Pods Manifest.lock */ = {
			isa = PBXShellScriptBuildPhase;
			buildActionMask = 2147483647;
			files = (
			);
			inputFileListPaths = (
			);
			inputPaths = (
				"${PODS_PODFILE_DIR_PATH}/Podfile.lock",
				"${PODS_ROOT}/Manifest.lock",
			);
			name = "[CP] Check Pods Manifest.lock";
			outputFileListPaths = (
			);
			outputPaths = (
				"$(DERIVED_FILE_DIR)/Pods-SportsApp-checkManifestLockResult.txt",
			);
			runOnlyForDeploymentPostprocessing = 0;
			shellPath = /bin/sh;
			shellScript = "diff \"${PODS_PODFILE_DIR_PATH}/Podfile.lock\" \"${PODS_ROOT}/Manifest.lock\" > /dev/null\nif [ $? != 0 ] ; then\n    # print error to STDERR\n    echo \"error: The sandbox is not in sync with the Podfile.lock. Run 'pod install' or update your CocoaPods installation.\" >&2\n    exit 1\nfi\n# This output is used by Xcode 'outputs' to avoid re-running this script phase.\necho \"SUCCESS\" > \"${SCRIPT_OUTPUT_FILE_0}\"\n";
			showEnvVarsInLog = 0;
		};
		A1AAD54D42321BCECD7DB770 /* [CP] Check Pods Manifest.lock */ = {
			isa = PBXShellScriptBuildPhase;
			buildActionMask = 2147483647;
			files = (
			);
			inputFileListPaths = (
			);
			inputPaths = (
				"${PODS_PODFILE_DIR_PATH}/Podfile.lock",
				"${PODS_ROOT}/Manifest.lock",
			);
			name = "[CP] Check Pods Manifest.lock";
			outputFileListPaths = (
			);
			outputPaths = (
				"$(DERIVED_FILE_DIR)/Pods-SportsApp-SportsAppUITests-checkManifestLockResult.txt",
			);
			runOnlyForDeploymentPostprocessing = 0;
			shellPath = /bin/sh;
			shellScript = "diff \"${PODS_PODFILE_DIR_PATH}/Podfile.lock\" \"${PODS_ROOT}/Manifest.lock\" > /dev/null\nif [ $? != 0 ] ; then\n    # print error to STDERR\n    echo \"error: The sandbox is not in sync with the Podfile.lock. Run 'pod install' or update your CocoaPods installation.\" >&2\n    exit 1\nfi\n# This output is used by Xcode 'outputs' to avoid re-running this script phase.\necho \"SUCCESS\" > \"${SCRIPT_OUTPUT_FILE_0}\"\n";
			showEnvVarsInLog = 0;
		};
		B95A0F218ED622AC933BFC0F /* [CP] Check Pods Manifest.lock */ = {
			isa = PBXShellScriptBuildPhase;
			buildActionMask = 2147483647;
			files = (
			);
			inputFileListPaths = (
			);
			inputPaths = (
				"${PODS_PODFILE_DIR_PATH}/Podfile.lock",
				"${PODS_ROOT}/Manifest.lock",
			);
			name = "[CP] Check Pods Manifest.lock";
			outputFileListPaths = (
			);
			outputPaths = (
				"$(DERIVED_FILE_DIR)/Pods-SportsAppTests-checkManifestLockResult.txt",
			);
			runOnlyForDeploymentPostprocessing = 0;
			shellPath = /bin/sh;
			shellScript = "diff \"${PODS_PODFILE_DIR_PATH}/Podfile.lock\" \"${PODS_ROOT}/Manifest.lock\" > /dev/null\nif [ $? != 0 ] ; then\n    # print error to STDERR\n    echo \"error: The sandbox is not in sync with the Podfile.lock. Run 'pod install' or update your CocoaPods installation.\" >&2\n    exit 1\nfi\n# This output is used by Xcode 'outputs' to avoid re-running this script phase.\necho \"SUCCESS\" > \"${SCRIPT_OUTPUT_FILE_0}\"\n";
			showEnvVarsInLog = 0;
		};
/* End PBXShellScriptBuildPhase section */

/* Begin PBXSourcesBuildPhase section */
		0477DCA92A19647200861960 /* Sources */ = {
			isa = PBXSourcesBuildPhase;
			buildActionMask = 2147483647;
			files = (
				041BA2F52A1D8B7200784BDB /* LeagueViewCell.swift in Sources */,
				049FFBD82A1E6525005E6ADC /* UpCommingViewCell.swift in Sources */,
				041BA2F02A1D717600784BDB /* LeagueResponse.swift in Sources */,
				049FFBDD2A1E6553005E6ADC /* TeamsCollectionViewCell.swift in Sources */,
				041BA2DB2A1D640500784BDB /* CoreDataProtocol.swift in Sources */,
				04831B4D2A23CB7F0000F327 /* FavTableViewCell.swift in Sources */,
				049FFBCB2A1DC83F005E6ADC /* LeagueDetailsViewModel.swift in Sources */,
				041BA3172A1D9CC600784BDB /* LeaguesViewModel.swift in Sources */,
				041BA2D52A1D627C00784BDB /* NetworkProtcol.swift in Sources */,
				048328022A1F0B1C00D59EF3 /* TeamViewModel.swift in Sources */,
				0477DCB12A19647200861960 /* AppDelegate.swift in Sources */,
				048328042A1F22D000D59EF3 /* LocalLeague.swift in Sources */,
				048327FF2A1EFCFD00D59EF3 /* TeamViewController.swift in Sources */,
				049FFBC72A1DC4A1005E6ADC /* Teams.swift in Sources */,
				048328062A1F332300D59EF3 /* FavViewController.swift in Sources */,
				041BA2D72A1D62C700784BDB /* NetworkManger.swift in Sources */,
				0485AD502A1C29C9009EAAC1 /* SportsCollectionViewCell.swift in Sources */,
				041BA2D92A1D63EE00784BDB /* CoreData.swift in Sources */,
				041BA2F22A1D8B3700784BDB /* LeagueViewController.swift in Sources */,
				0485AD4E2A1C296E009EAAC1 /* SportsController.swift in Sources */,
				049FFBC92A1DC5BD005E6ADC /* Events.swift in Sources */,
				048328082A1F334100D59EF3 /* FavViewModel.swift in Sources */,
				0477DCBB2A19647200861960 /* SportsApp.xcdatamodeld in Sources */,
				0477DCB32A19647200861960 /* SceneDelegate.swift in Sources */,
				049FFBCE2A1DCF03005E6ADC /* LeagueDetailsViewController.swift in Sources */,
				049FFBDA2A1E653E005E6ADC /* LatestEventsViewCell.swift in Sources */,
				048C67812A1BCBA900880402 /* SplashController.swift in Sources */,
			);
			runOnlyForDeploymentPostprocessing = 0;
		};
		0477DCC22A19647500861960 /* Sources */ = {
			isa = PBXSourcesBuildPhase;
			buildActionMask = 2147483647;
			files = (
				0477DCCB2A19647500861960 /* SportsAppTests.swift in Sources */,
			);
			runOnlyForDeploymentPostprocessing = 0;
		};
		0477DCCC2A19647500861960 /* Sources */ = {
			isa = PBXSourcesBuildPhase;
			buildActionMask = 2147483647;
			files = (
				0477DCD52A19647500861960 /* SportsAppUITests.swift in Sources */,
				0477DCD72A19647500861960 /* SportsAppUITestsLaunchTests.swift in Sources */,
			);
			runOnlyForDeploymentPostprocessing = 0;
		};
/* End PBXSourcesBuildPhase section */

/* Begin PBXTargetDependency section */
		0477DCC82A19647500861960 /* PBXTargetDependency */ = {
			isa = PBXTargetDependency;
			target = 0477DCAC2A19647200861960 /* SportsApp */;
			targetProxy = 0477DCC72A19647500861960 /* PBXContainerItemProxy */;
		};
		0477DCD22A19647500861960 /* PBXTargetDependency */ = {
			isa = PBXTargetDependency;
			target = 0477DCAC2A19647200861960 /* SportsApp */;
			targetProxy = 0477DCD12A19647500861960 /* PBXContainerItemProxy */;
		};
/* End PBXTargetDependency section */

/* Begin PBXVariantGroup section */
		0477DCB62A19647200861960 /* Main.storyboard */ = {
			isa = PBXVariantGroup;
			children = (
				0477DCB72A19647200861960 /* Base */,
			);
			name = Main.storyboard;
			sourceTree = "<group>";
		};
		0477DCBE2A19647500861960 /* LaunchScreen.storyboard */ = {
			isa = PBXVariantGroup;
			children = (
				0477DCBF2A19647500861960 /* Base */,
			);
			name = LaunchScreen.storyboard;
			sourceTree = "<group>";
		};
/* End PBXVariantGroup section */

/* Begin XCBuildConfiguration section */
		0477DCD82A19647500861960 /* Debug */ = {
			isa = XCBuildConfiguration;
			buildSettings = {
				ALWAYS_SEARCH_USER_PATHS = NO;
				CLANG_ANALYZER_NONNULL = YES;
				CLANG_ANALYZER_NUMBER_OBJECT_CONVERSION = YES_AGGRESSIVE;
				CLANG_CXX_LANGUAGE_STANDARD = "gnu++20";
				CLANG_ENABLE_MODULES = YES;
				CLANG_ENABLE_OBJC_ARC = YES;
				CLANG_ENABLE_OBJC_WEAK = YES;
				CLANG_WARN_BLOCK_CAPTURE_AUTORELEASING = YES;
				CLANG_WARN_BOOL_CONVERSION = YES;
				CLANG_WARN_COMMA = YES;
				CLANG_WARN_CONSTANT_CONVERSION = YES;
				CLANG_WARN_DEPRECATED_OBJC_IMPLEMENTATIONS = YES;
				CLANG_WARN_DIRECT_OBJC_ISA_USAGE = YES_ERROR;
				CLANG_WARN_DOCUMENTATION_COMMENTS = YES;
				CLANG_WARN_EMPTY_BODY = YES;
				CLANG_WARN_ENUM_CONVERSION = YES;
				CLANG_WARN_INFINITE_RECURSION = YES;
				CLANG_WARN_INT_CONVERSION = YES;
				CLANG_WARN_NON_LITERAL_NULL_CONVERSION = YES;
				CLANG_WARN_OBJC_IMPLICIT_RETAIN_SELF = YES;
				CLANG_WARN_OBJC_LITERAL_CONVERSION = YES;
				CLANG_WARN_OBJC_ROOT_CLASS = YES_ERROR;
				CLANG_WARN_QUOTED_INCLUDE_IN_FRAMEWORK_HEADER = YES;
				CLANG_WARN_RANGE_LOOP_ANALYSIS = YES;
				CLANG_WARN_STRICT_PROTOTYPES = YES;
				CLANG_WARN_SUSPICIOUS_MOVE = YES;
				CLANG_WARN_UNGUARDED_AVAILABILITY = YES_AGGRESSIVE;
				CLANG_WARN_UNREACHABLE_CODE = YES;
				CLANG_WARN__DUPLICATE_METHOD_MATCH = YES;
				COPY_PHASE_STRIP = NO;
				DEBUG_INFORMATION_FORMAT = dwarf;
				ENABLE_STRICT_OBJC_MSGSEND = YES;
				ENABLE_TESTABILITY = YES;
				GCC_C_LANGUAGE_STANDARD = gnu11;
				GCC_DYNAMIC_NO_PIC = NO;
				GCC_NO_COMMON_BLOCKS = YES;
				GCC_OPTIMIZATION_LEVEL = 0;
				GCC_PREPROCESSOR_DEFINITIONS = (
					"DEBUG=1",
					"$(inherited)",
				);
				GCC_WARN_64_TO_32_BIT_CONVERSION = YES;
				GCC_WARN_ABOUT_RETURN_TYPE = YES_ERROR;
				GCC_WARN_UNDECLARED_SELECTOR = YES;
				GCC_WARN_UNINITIALIZED_AUTOS = YES_AGGRESSIVE;
				GCC_WARN_UNUSED_FUNCTION = YES;
				GCC_WARN_UNUSED_VARIABLE = YES;
				IPHONEOS_DEPLOYMENT_TARGET = 16.1;
				MTL_ENABLE_DEBUG_INFO = INCLUDE_SOURCE;
				MTL_FAST_MATH = YES;
				ONLY_ACTIVE_ARCH = YES;
				SDKROOT = iphoneos;
				SWIFT_ACTIVE_COMPILATION_CONDITIONS = DEBUG;
				SWIFT_OPTIMIZATION_LEVEL = "-Onone";
			};
			name = Debug;
		};
		0477DCD92A19647500861960 /* Release */ = {
			isa = XCBuildConfiguration;
			buildSettings = {
				ALWAYS_SEARCH_USER_PATHS = NO;
				CLANG_ANALYZER_NONNULL = YES;
				CLANG_ANALYZER_NUMBER_OBJECT_CONVERSION = YES_AGGRESSIVE;
				CLANG_CXX_LANGUAGE_STANDARD = "gnu++20";
				CLANG_ENABLE_MODULES = YES;
				CLANG_ENABLE_OBJC_ARC = YES;
				CLANG_ENABLE_OBJC_WEAK = YES;
				CLANG_WARN_BLOCK_CAPTURE_AUTORELEASING = YES;
				CLANG_WARN_BOOL_CONVERSION = YES;
				CLANG_WARN_COMMA = YES;
				CLANG_WARN_CONSTANT_CONVERSION = YES;
				CLANG_WARN_DEPRECATED_OBJC_IMPLEMENTATIONS = YES;
				CLANG_WARN_DIRECT_OBJC_ISA_USAGE = YES_ERROR;
				CLANG_WARN_DOCUMENTATION_COMMENTS = YES;
				CLANG_WARN_EMPTY_BODY = YES;
				CLANG_WARN_ENUM_CONVERSION = YES;
				CLANG_WARN_INFINITE_RECURSION = YES;
				CLANG_WARN_INT_CONVERSION = YES;
				CLANG_WARN_NON_LITERAL_NULL_CONVERSION = YES;
				CLANG_WARN_OBJC_IMPLICIT_RETAIN_SELF = YES;
				CLANG_WARN_OBJC_LITERAL_CONVERSION = YES;
				CLANG_WARN_OBJC_ROOT_CLASS = YES_ERROR;
				CLANG_WARN_QUOTED_INCLUDE_IN_FRAMEWORK_HEADER = YES;
				CLANG_WARN_RANGE_LOOP_ANALYSIS = YES;
				CLANG_WARN_STRICT_PROTOTYPES = YES;
				CLANG_WARN_SUSPICIOUS_MOVE = YES;
				CLANG_WARN_UNGUARDED_AVAILABILITY = YES_AGGRESSIVE;
				CLANG_WARN_UNREACHABLE_CODE = YES;
				CLANG_WARN__DUPLICATE_METHOD_MATCH = YES;
				COPY_PHASE_STRIP = NO;
				DEBUG_INFORMATION_FORMAT = "dwarf-with-dsym";
				ENABLE_NS_ASSERTIONS = NO;
				ENABLE_STRICT_OBJC_MSGSEND = YES;
				GCC_C_LANGUAGE_STANDARD = gnu11;
				GCC_NO_COMMON_BLOCKS = YES;
				GCC_WARN_64_TO_32_BIT_CONVERSION = YES;
				GCC_WARN_ABOUT_RETURN_TYPE = YES_ERROR;
				GCC_WARN_UNDECLARED_SELECTOR = YES;
				GCC_WARN_UNINITIALIZED_AUTOS = YES_AGGRESSIVE;
				GCC_WARN_UNUSED_FUNCTION = YES;
				GCC_WARN_UNUSED_VARIABLE = YES;
				IPHONEOS_DEPLOYMENT_TARGET = 16.1;
				MTL_ENABLE_DEBUG_INFO = NO;
				MTL_FAST_MATH = YES;
				SDKROOT = iphoneos;
				SWIFT_COMPILATION_MODE = wholemodule;
				SWIFT_OPTIMIZATION_LEVEL = "-O";
				VALIDATE_PRODUCT = YES;
			};
			name = Release;
		};
		0477DCDB2A19647500861960 /* Debug */ = {
			isa = XCBuildConfiguration;
			baseConfigurationReference = 8C3DC049DB38A164007563DF /* Pods-SportsApp.debug.xcconfig */;
			buildSettings = {
				ASSETCATALOG_COMPILER_APPICON_NAME = AppIcon;
				ASSETCATALOG_COMPILER_GLOBAL_ACCENT_COLOR_NAME = AccentColor;
				CODE_SIGN_STYLE = Automatic;
				CURRENT_PROJECT_VERSION = 1;
				GENERATE_INFOPLIST_FILE = YES;
				INFOPLIST_FILE = SportsApp/Info.plist;
				INFOPLIST_KEY_UIApplicationSupportsIndirectInputEvents = YES;
				INFOPLIST_KEY_UILaunchStoryboardName = LaunchScreen;
				INFOPLIST_KEY_UIMainStoryboardFile = Main;
				INFOPLIST_KEY_UISupportedInterfaceOrientations_iPad = "UIInterfaceOrientationPortrait UIInterfaceOrientationPortraitUpsideDown UIInterfaceOrientationLandscapeLeft UIInterfaceOrientationLandscapeRight";
				INFOPLIST_KEY_UISupportedInterfaceOrientations_iPhone = "UIInterfaceOrientationPortrait UIInterfaceOrientationLandscapeLeft UIInterfaceOrientationLandscapeRight";
				LD_RUNPATH_SEARCH_PATHS = (
					"$(inherited)",
					"@executable_path/Frameworks",
				);
				MARKETING_VERSION = 1.0;
				PRODUCT_BUNDLE_IDENTIFIER = null.SportsApp;
				PRODUCT_NAME = "$(TARGET_NAME)";
				SWIFT_EMIT_LOC_STRINGS = YES;
				SWIFT_VERSION = 5.0;
				TARGETED_DEVICE_FAMILY = "1,2";
			};
			name = Debug;
		};
		0477DCDC2A19647500861960 /* Release */ = {
			isa = XCBuildConfiguration;
			baseConfigurationReference = 35EC137EA41EB5CBFA3F330D /* Pods-SportsApp.release.xcconfig */;
			buildSettings = {
				ASSETCATALOG_COMPILER_APPICON_NAME = AppIcon;
				ASSETCATALOG_COMPILER_GLOBAL_ACCENT_COLOR_NAME = AccentColor;
				CODE_SIGN_STYLE = Automatic;
				CURRENT_PROJECT_VERSION = 1;
				GENERATE_INFOPLIST_FILE = YES;
				INFOPLIST_FILE = SportsApp/Info.plist;
				INFOPLIST_KEY_UIApplicationSupportsIndirectInputEvents = YES;
				INFOPLIST_KEY_UILaunchStoryboardName = LaunchScreen;
				INFOPLIST_KEY_UIMainStoryboardFile = Main;
				INFOPLIST_KEY_UISupportedInterfaceOrientations_iPad = "UIInterfaceOrientationPortrait UIInterfaceOrientationPortraitUpsideDown UIInterfaceOrientationLandscapeLeft UIInterfaceOrientationLandscapeRight";
				INFOPLIST_KEY_UISupportedInterfaceOrientations_iPhone = "UIInterfaceOrientationPortrait UIInterfaceOrientationLandscapeLeft UIInterfaceOrientationLandscapeRight";
				LD_RUNPATH_SEARCH_PATHS = (
					"$(inherited)",
					"@executable_path/Frameworks",
				);
				MARKETING_VERSION = 1.0;
				PRODUCT_BUNDLE_IDENTIFIER = null.SportsApp;
				PRODUCT_NAME = "$(TARGET_NAME)";
				SWIFT_EMIT_LOC_STRINGS = YES;
				SWIFT_VERSION = 5.0;
				TARGETED_DEVICE_FAMILY = "1,2";
			};
			name = Release;
		};
		0477DCDE2A19647500861960 /* Debug */ = {
			isa = XCBuildConfiguration;
			baseConfigurationReference = 7CD2A3EFF3C624F4CBFEFDF9 /* Pods-SportsAppTests.debug.xcconfig */;
			buildSettings = {
				ALWAYS_EMBED_SWIFT_STANDARD_LIBRARIES = YES;
				BUNDLE_LOADER = "$(TEST_HOST)";
				CODE_SIGN_STYLE = Automatic;
				CURRENT_PROJECT_VERSION = 1;
				GENERATE_INFOPLIST_FILE = YES;
				IPHONEOS_DEPLOYMENT_TARGET = 16.1;
				MARKETING_VERSION = 1.0;
				PRODUCT_BUNDLE_IDENTIFIER = null.SportsAppTests;
				PRODUCT_NAME = "$(TARGET_NAME)";
				SWIFT_EMIT_LOC_STRINGS = NO;
				SWIFT_VERSION = 5.0;
				TARGETED_DEVICE_FAMILY = "1,2";
				TEST_HOST = "$(BUILT_PRODUCTS_DIR)/SportsApp.app/$(BUNDLE_EXECUTABLE_FOLDER_PATH)/SportsApp";
			};
			name = Debug;
		};
		0477DCDF2A19647500861960 /* Release */ = {
			isa = XCBuildConfiguration;
			baseConfigurationReference = BDF1257D3687813F54C73BF8 /* Pods-SportsAppTests.release.xcconfig */;
			buildSettings = {
				ALWAYS_EMBED_SWIFT_STANDARD_LIBRARIES = YES;
				BUNDLE_LOADER = "$(TEST_HOST)";
				CODE_SIGN_STYLE = Automatic;
				CURRENT_PROJECT_VERSION = 1;
				GENERATE_INFOPLIST_FILE = YES;
				IPHONEOS_DEPLOYMENT_TARGET = 16.1;
				MARKETING_VERSION = 1.0;
				PRODUCT_BUNDLE_IDENTIFIER = null.SportsAppTests;
				PRODUCT_NAME = "$(TARGET_NAME)";
				SWIFT_EMIT_LOC_STRINGS = NO;
				SWIFT_VERSION = 5.0;
				TARGETED_DEVICE_FAMILY = "1,2";
				TEST_HOST = "$(BUILT_PRODUCTS_DIR)/SportsApp.app/$(BUNDLE_EXECUTABLE_FOLDER_PATH)/SportsApp";
			};
			name = Release;
		};
		0477DCE12A19647500861960 /* Debug */ = {
			isa = XCBuildConfiguration;
			baseConfigurationReference = 7AEE38C328FEBDFD61EEC5F8 /* Pods-SportsApp-SportsAppUITests.debug.xcconfig */;
			buildSettings = {
				ALWAYS_EMBED_SWIFT_STANDARD_LIBRARIES = YES;
				CODE_SIGN_STYLE = Automatic;
				CURRENT_PROJECT_VERSION = 1;
				GENERATE_INFOPLIST_FILE = YES;
				MARKETING_VERSION = 1.0;
				PRODUCT_BUNDLE_IDENTIFIER = null.SportsAppUITests;
				PRODUCT_NAME = "$(TARGET_NAME)";
				SWIFT_EMIT_LOC_STRINGS = NO;
				SWIFT_VERSION = 5.0;
				TARGETED_DEVICE_FAMILY = "1,2";
				TEST_TARGET_NAME = SportsApp;
			};
			name = Debug;
		};
		0477DCE22A19647500861960 /* Release */ = {
			isa = XCBuildConfiguration;
			baseConfigurationReference = 311CBDE1D9677EE3C1CB4746 /* Pods-SportsApp-SportsAppUITests.release.xcconfig */;
			buildSettings = {
				ALWAYS_EMBED_SWIFT_STANDARD_LIBRARIES = YES;
				CODE_SIGN_STYLE = Automatic;
				CURRENT_PROJECT_VERSION = 1;
				GENERATE_INFOPLIST_FILE = YES;
				MARKETING_VERSION = 1.0;
				PRODUCT_BUNDLE_IDENTIFIER = null.SportsAppUITests;
				PRODUCT_NAME = "$(TARGET_NAME)";
				SWIFT_EMIT_LOC_STRINGS = NO;
				SWIFT_VERSION = 5.0;
				TARGETED_DEVICE_FAMILY = "1,2";
				TEST_TARGET_NAME = SportsApp;
			};
			name = Release;
		};
/* End XCBuildConfiguration section */

/* Begin XCConfigurationList section */
		0477DCA82A19647200861960 /* Build configuration list for PBXProject "SportsApp" */ = {
			isa = XCConfigurationList;
			buildConfigurations = (
				0477DCD82A19647500861960 /* Debug */,
				0477DCD92A19647500861960 /* Release */,
			);
			defaultConfigurationIsVisible = 0;
			defaultConfigurationName = Release;
		};
		0477DCDA2A19647500861960 /* Build configuration list for PBXNativeTarget "SportsApp" */ = {
			isa = XCConfigurationList;
			buildConfigurations = (
				0477DCDB2A19647500861960 /* Debug */,
				0477DCDC2A19647500861960 /* Release */,
			);
			defaultConfigurationIsVisible = 0;
			defaultConfigurationName = Release;
		};
		0477DCDD2A19647500861960 /* Build configuration list for PBXNativeTarget "SportsAppTests" */ = {
			isa = XCConfigurationList;
			buildConfigurations = (
				0477DCDE2A19647500861960 /* Debug */,
				0477DCDF2A19647500861960 /* Release */,
			);
			defaultConfigurationIsVisible = 0;
			defaultConfigurationName = Release;
		};
		0477DCE02A19647500861960 /* Build configuration list for PBXNativeTarget "SportsAppUITests" */ = {
			isa = XCConfigurationList;
			buildConfigurations = (
				0477DCE12A19647500861960 /* Debug */,
				0477DCE22A19647500861960 /* Release */,
			);
			defaultConfigurationIsVisible = 0;
			defaultConfigurationName = Release;
		};
/* End XCConfigurationList section */

/* Begin XCVersionGroup section */
		0477DCB92A19647200861960 /* SportsApp.xcdatamodeld */ = {
			isa = XCVersionGroup;
			children = (
				0477DCBA2A19647200861960 /* SportsApp.xcdatamodel */,
			);
			currentVersion = 0477DCBA2A19647200861960 /* SportsApp.xcdatamodel */;
			path = SportsApp.xcdatamodeld;
			sourceTree = "<group>";
			versionGroupType = wrapper.xcdatamodel;
		};
/* End XCVersionGroup section */
	};
	rootObject = 0477DCA52A19647200861960 /* Project object */;
}
